# public address to listen on
address: :20020

# public tls address to listen on
address-tls: :20021

# The active time between retries, typically not set
# auth-service.back-off.delay: 0s

# The maximum total time to allow retries
# auth-service.back-off.max: 5m0s

# The minimum time between retries
# auth-service.back-off.min: 100ms

# base url to use for resolving access key ids
auth-service.base-url: ""

# how many cached access grants to keep in cache
auth-service.cache.capacity: 10000

# how long to keep cached access grants in cache
auth-service.cache.expiration: 24h0m0s

# how long to wait for a single auth service connection
auth-service.timeout: 10s

# auth token for giving access to the auth service
auth-service.token: ""

# a comma separated list of hosts and request uris to return unauthorized errors for. e.g. link.storjshare.io/raw/accesskey/bucket/path1
# blocked-paths: ""

# server certificate file
cert-file: ""

# bucket to use for certificate storage with optional prefix (bucket/prefix)
cert-magic.bucket: ""

# email address to use when creating an ACME account
cert-magic.email: ""

# use CertMagic to handle TLS certificates
cert-magic.enabled: false

# path to the service account key file
cert-magic.key-file: ""

# comma separated list of domain names which bypass paid tier queries. Set to * to disable tier check entirely
cert-magic.skip-paid-tier-allowlist: []

# use staging CA endpoints
cert-magic.staging: false

# tier querying service cache capacity
cert-magic.tier-cache-capacity: 10000

# expiration time for tier querying service cache
cert-magic.tier-cache-expiration: 5m0s

# path to the certificate chain for this identity
cert-magic.tier-service-identity.cert-path: /identity.cert

# path to the private key for this identity
cert-magic.tier-service-identity.key-path: /identity.key

# list of clients IPs (comma separated) which are trusted; usually used when the service run behinds gateways, load balancers, etc.
client-trusted-ips-list: []

# path to the certificate chain for this identity
client.identity.cert-path: ""

# path to the private key for this identity
client.identity.key-path: ""

# RPC connection pool capacity
connection-pool.capacity: 100

# RPC connection pool idle expiration
connection-pool.idle-expiration: 2m0s

# RPC connection pool key capacity
connection-pool.key-capacity: 5

# RPC connection pool max lifetime of a connection
# connection-pool.max-lifetime: 10m0s

# address to listen on for debug endpoints
# debug.addr: 127.0.0.1:0

# If set, a path to write a process trace SVG to
# debug.trace-out: ""

# timeout for dials
# dial-timeout: 10s

# dns server address to use for TXT resolution
dns-server: 1.1.1.1:53

# whether downloading a prefix as a zip or tar file is enabled
# download-prefix-enabled: false

# maximum number of files from a prefix that can be packaged into a downloadable zip
# download-zip-limit: 1000

# use a assets dir that is reparsed for every request
# dynamic-assets-dir: ""

# maxmind database file path
geo-location-db: ""

# timeout for idle connections
# idle-timeout: 1m0s

# listen using insecure connections only
insecure-disable-tls: false

# server key file
key-file: ""

# the url to redirect empty requests to
landing-redirect-target: https://www.storj.io/

# the number of concurrent requests allowed per project ID, or if unavailable, macaroon head
# limits.concurrent-requests: "500"

# maximum number of paths to list on a single page
# list-page-limit: 100

# if true, log function filename and line number
# log.caller: false

# custom level overrides for specific loggers in the format NAME1=ERROR,NAME2=WARN,... Only level increment is supported, and only for selected loggers!
# log.custom-level: ""

# if true, set logging to development mode
# log.development: false

# configures log encoding. can either be 'console', 'json', 'pretty', or 'gcloudlogging'.
# log.encoding: ""

# the minimum log level to log
# log.level: info

# can be stdout, stderr, or a filename
# log.output: stderr

# if true, log stack traces
# log.stack: false

# address(es) to send telemetry to (comma-separated)
# metrics.addr: collectora.storj.io:9000

# application name for telemetry identification. Ignored for certain applications.
# metrics.app: linksharing

# application suffix. Ignored for certain applications.
# metrics.app-suffix: -release

# address(es) to send telemetry to (comma-separated IP:port or complex BQ definition, like bigquery:app=...,project=...,dataset=..., depends on the config/usage)
# metrics.event-addr: eventkitd.datasci.storj.io:9002

# size of the internal eventkit queue for UDP sending
# metrics.event-queue: 10000

# instance id prefix
# metrics.instance-prefix: ""

# how frequently to send up telemetry. Ignored for certain applications.
# metrics.interval: 1m0s

# tls address to listen on for PROXY protocol requests
proxy-address-tls: :20022

# comma separated list of public urls for the server
public-url: ""

# The default number of iterations for each check
# quickchecks: 100

# redirect to HTTPS
redirect-https: true

# RPC connection pool capacity (satellite connections)
# satellite-connection-pool.capacity: 200

# RPC connection pool idle expiration (satellite connections)
# satellite-connection-pool.idle-expiration: 10m0s

# RPC connection pool limit per key (satellite connections)
# satellite-connection-pool.key-capacity: 0

# RPC connection pool max lifetime of a connection
# satellite-connection-pool.max-lifetime: 10m0s

# time to delay server shutdown while returning 503s on the health endpoint
shutdown-delay: 45s

# enable standard (non-hosting) requests to render content and not only download it
standard-renders-content: false

# serve HTML as text/html instead of text/plain for standard (non-hosting) requests
standard-views-html: false

# whether to check for satellite connectivity before starting
startup-check.enabled: true

# list of satellite NodeURLs
startup-check.satellites:
- https://www.storj.io/dcs-satellites

# maximum time to spend on checks
startup-check.timeout: 30s

# list of annotations which are supported by distributed tracing
tracing-annotations:
- checkerng
- test
- placement

# address for jaeger agent
# tracing.agent-addr: agent.tracing.datasci.storj.io:5775

# application name for tracing identification
# tracing.app: linksharing

# application suffix
# tracing.app-suffix: -release

# buffer size for collector batch packet size
# tracing.buffer-size: 0

# whether tracing collector is enabled
# tracing.enabled: true

# the possible hostnames that trace-host designated traces can be sent to
# tracing.host-regex: \.storj\.tools:[0-9]+$

# how frequently to flush traces to tracing agent
# tracing.interval: 0s

# buffer size for collector queue size
# tracing.queue-size: 0

# how frequent to sample traces
# tracing.sample: 0

# max ttl (seconds) for website hosting txt record cache
txt-record-ttl: 1h0m0s

# use the headers sent by the client to identify its IP. When true the list of IPs set by --client-trusted-ips-list, when not empty, is used
use-client-ip-headers: true
